
Microsoft Visual Studio Solution File, Format Version 12.00
# Visual Studio 2017
Project("{FAE04EC0-301F-11D3-BF4B-00C04F79EFBC}") = "MultiplayerTank.Plugins", "MultiplayerTank.Plugins.csproj", "{77602B63-B035-CD1E-77FE-DA87C7ACB7BC}"
EndProject
Project("{FAE04EC0-301F-11D3-BF4B-00C04F79EFBC}") = "MultiplayerTank.Editor.Plugins", "MultiplayerTank.Editor.Plugins.csproj", "{EF8EDBB3-0D96-430B-DBF7-D65530F44986}"
EndProject
Global
	GlobalSection(SolutionConfigurationPlatforms) = preSolution
		Debug|Any CPU = Debug|Any CPU
		Release|Any CPU = Release|Any CPU
	EndGlobalSection
	GlobalSection(ProjectConfigurationPlatforms) = postSolution
		{77602B63-B035-CD1E-77FE-DA87C7ACB7BC}.Debug|Any CPU.ActiveCfg = Debug|Any CPU
		{77602B63-B035-CD1E-77FE-DA87C7ACB7BC}.Debug|Any CPU.Build.0 = Debug|Any CPU
		{77602B63-B035-CD1E-77FE-DA87C7ACB7BC}.Release|Any CPU.ActiveCfg = Release|Any CPU
		{77602B63-B035-CD1E-77FE-DA87C7ACB7BC}.Release|Any CPU.Build.0 = Release|Any CPU
		{EF8EDBB3-0D96-430B-DBF7-D65530F44986}.Debug|Any CPU.ActiveCfg = Debug|Any CPU
		{EF8EDBB3-0D96-430B-DBF7-D65530F44986}.Debug|Any CPU.Build.0 = Debug|Any CPU
		{EF8EDBB3-0D96-430B-DBF7-D65530F44986}.Release|Any CPU.ActiveCfg = Release|Any CPU
		{EF8EDBB3-0D96-430B-DBF7-D65530F44986}.Release|Any CPU.Build.0 = Release|Any CPU
	EndGlobalSection
	GlobalSection(SolutionProperties) = preSolution
		HideSolutionNode = FALSE
	EndGlobalSection
EndGlobal
